
Microsoft Visual Studio Solution File, Format Version 12.00
# Visual Studio Version 16
VisualStudioVersion = 16.0.30804.86
MinimumVisualStudioVersion = 10.0.40219.1
Project("{FAE04EC0-301F-11D3-BF4B-00C04F79EFBC}") = "AbiraAddressBook", "AbiraAddressBook.csproj", "{7A5C1F0A-1C4B-4162-B4BB-DA8434749F66}"
EndProject
Global
	GlobalSection(SolutionConfigurationPlatforms) = preSolution
		Debug|Any CPU = Debug|Any CPU
		Release|Any CPU = Release|Any CPU
	EndGlobalSection
	GlobalSection(ProjectConfigurationPlatforms) = postSolution
		{7A5C1F0A-1C4B-4162-B4BB-DA8434749F66}.Debug|Any CPU.ActiveCfg = Debug|Any CPU
		{7A5C1F0A-1C4B-4162-B4BB-DA8434749F66}.Debug|Any CPU.Build.0 = Debug|Any CPU
		{7A5C1F0A-1C4B-4162-B4BB-DA8434749F66}.Release|Any CPU.ActiveCfg = Release|Any CPU
		{7A5C1F0A-1C4B-4162-B4BB-DA8434749F66}.Release|Any CPU.Build.0 = Release|Any CPU
	EndGlobalSection
	GlobalSection(SolutionProperties) = preSolution
		HideSolutionNode = FALSE
	EndGlobalSection
	GlobalSection(ExtensibilityGlobals) = postSolution
		SolutionGuid = {03EDC338-1E52-4BD5-8B6F-40CC478EDEEC}
	EndGlobalSection
EndGlobal
